
Microsoft Visual Studio Solution File, Format Version 12.00
# Visual Studio 15
VisualStudioVersion = 15.0.26730.12
MinimumVisualStudioVersion = 10.0.40219.1
Project("{FAE04EC0-301F-11D3-BF4B-00C04F79EFBC}") = "TestLib", "TestLib\TestLib.csproj", "{578ED7F3-6836-466C-B269-0629CF692029}"
EndProject
Project("{FAE04EC0-301F-11D3-BF4B-00C04F79EFBC}") = "TestForTestLib", "TestForTestLib\TestForTestLib.csproj", "{D284AA0A-E51C-4FB0-AA22-CB1D6E5A589B}"
EndProject
Global
	GlobalSection(SolutionConfigurationPlatforms) = preSolution
		Debug|Any CPU = Debug|Any CPU
		Release|Any CPU = Release|Any CPU
	EndGlobalSection
	GlobalSection(ProjectConfigurationPlatforms) = postSolution
		{578ED7F3-6836-466C-B269-0629CF692029}.Debug|Any CPU.ActiveCfg = Debug|Any CPU
		{578ED7F3-6836-466C-B269-0629CF692029}.Debug|Any CPU.Build.0 = Debug|Any CPU
		{578ED7F3-6836-466C-B269-0629CF692029}.Release|Any CPU.ActiveCfg = Release|Any CPU
		{578ED7F3-6836-466C-B269-0629CF692029}.Release|Any CPU.Build.0 = Release|Any CPU
		{D284AA0A-E51C-4FB0-AA22-CB1D6E5A589B}.Debug|Any CPU.ActiveCfg = Debug|Any CPU
		{D284AA0A-E51C-4FB0-AA22-CB1D6E5A589B}.Debug|Any CPU.Build.0 = Debug|Any CPU
		{D284AA0A-E51C-4FB0-AA22-CB1D6E5A589B}.Release|Any CPU.ActiveCfg = Release|Any CPU
		{D284AA0A-E51C-4FB0-AA22-CB1D6E5A589B}.Release|Any CPU.Build.0 = Release|Any CPU
	EndGlobalSection
	GlobalSection(SolutionProperties) = preSolution
		HideSolutionNode = FALSE
	EndGlobalSection
	GlobalSection(ExtensibilityGlobals) = postSolution
		SolutionGuid = {9A8F4A11-5208-4EC2-B7EA-3FB068DB5146}
	EndGlobalSection
EndGlobal
